
Microsoft Visual Studio Solution File, Format Version 12.00
# Visual Studio Version 16
VisualStudioVersion = 16.0.30104.148
MinimumVisualStudioVersion = 10.0.40219.1
Project("{FAE04EC0-301F-11D3-BF4B-00C04F79EFBC}") = "WebAppLibrosNetCORE", "WebAppLibrosNetCORE\WebAppLibrosNetCORE.csproj", "{8EC0D984-6F7C-4715-A75B-1A566AD76BAD}"
EndProject
Global
	GlobalSection(SolutionConfigurationPlatforms) = preSolution
		Debug|Any CPU = Debug|Any CPU
		Release|Any CPU = Release|Any CPU
	EndGlobalSection
	GlobalSection(ProjectConfigurationPlatforms) = postSolution
		{8EC0D984-6F7C-4715-A75B-1A566AD76BAD}.Debug|Any CPU.ActiveCfg = Debug|Any CPU
		{8EC0D984-6F7C-4715-A75B-1A566AD76BAD}.Debug|Any CPU.Build.0 = Debug|Any CPU
		{8EC0D984-6F7C-4715-A75B-1A566AD76BAD}.Release|Any CPU.ActiveCfg = Release|Any CPU
		{8EC0D984-6F7C-4715-A75B-1A566AD76BAD}.Release|Any CPU.Build.0 = Release|Any CPU
	EndGlobalSection
	GlobalSection(SolutionProperties) = preSolution
		HideSolutionNode = FALSE
	EndGlobalSection
	GlobalSection(ExtensibilityGlobals) = postSolution
		SolutionGuid = {B29C10C5-8A16-497D-9EB2-23950F76B3D0}
	EndGlobalSection
EndGlobal
